// !$*UTF8*$!
{
	archiveVersion = 1;
	classes = {
	};
	objectVersion = 56;
	objects = {

/* Begin PBXBuildFile section */
		66032B222C0DBA8A00517F96 /* IQKeyboardManagerSwift in Frameworks */ = {isa = PBXBuildFile; productRef = 66032B212C0DBA8A00517F96 /* IQKeyboardManagerSwift */; };
		6609BFD62C0D8E5200CC8C4E /* FirebaseFirestore in Frameworks */ = {isa = PBXBuildFile; productRef = 6609BFD52C0D8E5200CC8C4E /* FirebaseFirestore */; };
<<<<<<< Updated upstream
		66119A552C5A22F400DE35F4 /* connectFriends.swift in Sources */ = {isa = PBXBuildFile; fileRef = 66119A542C5A22F400DE35F4 /* connectFriends.swift */; };
		6611D3C42C2ABB4600650D01 /* FirebaseAuth in Frameworks */ = {isa = PBXBuildFile; productRef = 6611D3C32C2ABB4600650D01 /* FirebaseAuth */; };
		661F71D82C7598EB00DD3921 /* sampleSimilarUsers.swift in Sources */ = {isa = PBXBuildFile; fileRef = 661F71D72C7598EB00DD3921 /* sampleSimilarUsers.swift */; };
		662830022BC35B0B0010EFAD /* ConnectedApp.swift in Sources */ = {isa = PBXBuildFile; fileRef = 662830012BC35B0B0010EFAD /* ConnectedApp.swift */; };
		662830062BC35B0C0010EFAD /* Assets.xcassets in Resources */ = {isa = PBXBuildFile; fileRef = 662830052BC35B0C0010EFAD /* Assets.xcassets */; };
		662830092BC35B0C0010EFAD /* Preview Assets.xcassets in Resources */ = {isa = PBXBuildFile; fileRef = 662830082BC35B0C0010EFAD /* Preview Assets.xcassets */; };
		662830122BC35E180010EFAD /* SplashScreenView.swift in Sources */ = {isa = PBXBuildFile; fileRef = 662830112BC35E180010EFAD /* SplashScreenView.swift */; };
		662830642BC443040010EFAD /* mainMap.swift in Sources */ = {isa = PBXBuildFile; fileRef = 662830632BC443040010EFAD /* mainMap.swift */; };
		662830662BC444480010EFAD /* mainView.swift in Sources */ = {isa = PBXBuildFile; fileRef = 662830652BC444480010EFAD /* mainView.swift */; };
=======
		660A671D2CA0EE190015BA1A /* SDWebImageSwiftUI in Frameworks */ = {isa = PBXBuildFile; productRef = 660A671C2CA0EE190015BA1A /* SDWebImageSwiftUI */; };
		660FCDD12CB812A700209A4E /* OldTabBar.swift in Sources */ = {isa = PBXBuildFile; fileRef = 660FCDD02CB812A700209A4E /* OldTabBar.swift */; };
		660FCE3C2CB8215100209A4E /* FirebaseOld.swift in Sources */ = {isa = PBXBuildFile; fileRef = 660FCE3B2CB8215100209A4E /* FirebaseOld.swift */; };
		6611D3C42C2ABB4600650D01 /* FirebaseAuth in Frameworks */ = {isa = PBXBuildFile; productRef = 6611D3C32C2ABB4600650D01 /* FirebaseAuth */; };
		662830022BC35B0B0010EFAD /* ConnectedApp.swift in Sources */ = {isa = PBXBuildFile; fileRef = 662830012BC35B0B0010EFAD /* ConnectedApp.swift */; };
		662830062BC35B0C0010EFAD /* Assets.xcassets in Resources */ = {isa = PBXBuildFile; fileRef = 662830052BC35B0C0010EFAD /* Assets.xcassets */; };
		662830092BC35B0C0010EFAD /* Preview Assets.xcassets in Resources */ = {isa = PBXBuildFile; fileRef = 662830082BC35B0C0010EFAD /* Preview Assets.xcassets */; };
>>>>>>> Stashed changes
		662B85A92C02F19B008F14E6 /* FirebaseAnalytics in Frameworks */ = {isa = PBXBuildFile; productRef = 662B85A82C02F19B008F14E6 /* FirebaseAnalytics */; };
		662B85AB2C02F19B008F14E6 /* FirebaseAnalyticsOnDeviceConversion in Frameworks */ = {isa = PBXBuildFile; productRef = 662B85AA2C02F19B008F14E6 /* FirebaseAnalyticsOnDeviceConversion */; };
		662B85AD2C02F19B008F14E6 /* FirebaseAnalyticsSwift in Frameworks */ = {isa = PBXBuildFile; productRef = 662B85AC2C02F19B008F14E6 /* FirebaseAnalyticsSwift */; };
		662B85AF2C02F19B008F14E6 /* FirebaseAnalyticsWithoutAdIdSupport in Frameworks */ = {isa = PBXBuildFile; productRef = 662B85AE2C02F19B008F14E6 /* FirebaseAnalyticsWithoutAdIdSupport */; };
		662F28D72C62124400106ADE /* CropViewController in Frameworks */ = {isa = PBXBuildFile; productRef = 662F28D62C62124400106ADE /* CropViewController */; };
		662F28D92C62124400106ADE /* TOCropViewController in Frameworks */ = {isa = PBXBuildFile; productRef = 662F28D82C62124400106ADE /* TOCropViewController */; };
<<<<<<< Updated upstream
		6638252A2C786D9500E767C8 /* NotificationView.swift in Sources */ = {isa = PBXBuildFile; fileRef = 663825292C786D9500E767C8 /* NotificationView.swift */; };
		664CC4F92C77310B0054D85B /* SettingsAndInfo.swift in Sources */ = {isa = PBXBuildFile; fileRef = 664CC4F82C77310B0054D85B /* SettingsAndInfo.swift */; };
		6657581E2C6741EC003163E2 /* ProfileDetailViewModel.swift in Sources */ = {isa = PBXBuildFile; fileRef = 6657581D2C6741EC003163E2 /* ProfileDetailViewModel.swift */; };
		66588E252C37D47100D70BCB /* FirebaseStorage in Frameworks */ = {isa = PBXBuildFile; productRef = 66588E242C37D47100D70BCB /* FirebaseStorage */; };
		666E12D62C7076EE00E894E8 /* UserLocation.swift in Sources */ = {isa = PBXBuildFile; fileRef = 666E12D52C7076EE00E894E8 /* UserLocation.swift */; };
		666E12D82C7076FB00E894E8 /* UserProfile.swift in Sources */ = {isa = PBXBuildFile; fileRef = 666E12D72C7076FB00E894E8 /* UserProfile.swift */; };
		6671E8582C6DEC6900A0FB14 /* CustomMarker.swift in Sources */ = {isa = PBXBuildFile; fileRef = 6671E8572C6DEC6900A0FB14 /* CustomMarker.swift */; };
		6671E85A2C6F4BB900A0FB14 /* sampleUser.swift in Sources */ = {isa = PBXBuildFile; fileRef = 6671E8592C6F4BB900A0FB14 /* sampleUser.swift */; };
		667BC57B2C2ED7E70008C302 /* KakaoSDK in Frameworks */ = {isa = PBXBuildFile; productRef = 667BC57A2C2ED7E70008C302 /* KakaoSDK */; };
		667BC57D2C2ED7E70008C302 /* KakaoSDKAuth in Frameworks */ = {isa = PBXBuildFile; productRef = 667BC57C2C2ED7E70008C302 /* KakaoSDKAuth */; };
		66821AEA2C098EB0007E39C1 /* test1.swift in Sources */ = {isa = PBXBuildFile; fileRef = 66821AE92C098EB0007E39C1 /* test1.swift */; };
		669215012BDF8ABD00E6A40A /* test.swift in Sources */ = {isa = PBXBuildFile; fileRef = 669215002BDF8ABD00E6A40A /* test.swift */; };
		66AA984F2C3BD49200FEAEDE /* ProfileDetail.swift in Sources */ = {isa = PBXBuildFile; fileRef = 66AA984E2C3BD49200FEAEDE /* ProfileDetail.swift */; };
		66B5DF592BCCB82600272115 /* signIn.swift in Sources */ = {isa = PBXBuildFile; fileRef = 66B5DF582BCCB82600272115 /* signIn.swift */; };
		66B5DF5B2BCCB95900272115 /* name.swift in Sources */ = {isa = PBXBuildFile; fileRef = 66B5DF5A2BCCB95900272115 /* name.swift */; };
		66B5DF5D2BCCBA3000272115 /* birthday.swift in Sources */ = {isa = PBXBuildFile; fileRef = 66B5DF5C2BCCBA3000272115 /* birthday.swift */; };
		66B5DF5F2BCCBA3900272115 /* gender.swift in Sources */ = {isa = PBXBuildFile; fileRef = 66B5DF5E2BCCBA3900272115 /* gender.swift */; };
		66B5DF612BCCBA5300272115 /* setImages.swift in Sources */ = {isa = PBXBuildFile; fileRef = 66B5DF602BCCBA5300272115 /* setImages.swift */; };
		66B5DF632BCCBA6500272115 /* aboutYourself.swift in Sources */ = {isa = PBXBuildFile; fileRef = 66B5DF622BCCBA6500272115 /* aboutYourself.swift */; };
		66B5DF652BCCBA7C00272115 /* interests.swift in Sources */ = {isa = PBXBuildFile; fileRef = 66B5DF642BCCBA7C00272115 /* interests.swift */; };
		66B5DF672BCCC45600272115 /* ProfileView.swift in Sources */ = {isa = PBXBuildFile; fileRef = 66B5DF662BCCC45600272115 /* ProfileView.swift */; };
		66B666502C61F69200357B9E /* ProfileImageSetting.swift in Sources */ = {isa = PBXBuildFile; fileRef = 66B6664F2C61F69200357B9E /* ProfileImageSetting.swift */; };
		66D10B062C5B61400051EF2B /* FirestoreManager.swift in Sources */ = {isa = PBXBuildFile; fileRef = 66D10B052C5B61400051EF2B /* FirestoreManager.swift */; };
		66DCB9A22C2A8879000C7736 /* GoogleSignIn in Frameworks */ = {isa = PBXBuildFile; productRef = 66DCB9A12C2A8879000C7736 /* GoogleSignIn */; };
		66DCB9A42C2A8879000C7736 /* GoogleSignInSwift in Frameworks */ = {isa = PBXBuildFile; productRef = 66DCB9A32C2A8879000C7736 /* GoogleSignInSwift */; };
		66DCB9A62C2AB443000C7736 /* GoogleService-Info.plist in Resources */ = {isa = PBXBuildFile; fileRef = 66DCB9A52C2AB443000C7736 /* GoogleService-Info.plist */; };
		66F5CE022C59D11800B9084F /* oauth.swift in Sources */ = {isa = PBXBuildFile; fileRef = 66F5CE012C59D11800B9084F /* oauth.swift */; };
/* End PBXBuildFile section */

/* Begin PBXFileReference section */
		66119A542C5A22F400DE35F4 /* connectFriends.swift */ = {isa = PBXFileReference; lastKnownFileType = sourcecode.swift; path = connectFriends.swift; sourceTree = "<group>"; };
		661F71D72C7598EB00DD3921 /* sampleSimilarUsers.swift */ = {isa = PBXFileReference; lastKnownFileType = sourcecode.swift; path = sampleSimilarUsers.swift; sourceTree = "<group>"; };
=======
		663AFE542CB2DC670000BB02 /* Kingfisher in Frameworks */ = {isa = PBXBuildFile; productRef = 663AFE532CB2DC670000BB02 /* Kingfisher */; };
		66588E252C37D47100D70BCB /* FirebaseStorage in Frameworks */ = {isa = PBXBuildFile; productRef = 66588E242C37D47100D70BCB /* FirebaseStorage */; };
		666E12D62C7076EE00E894E8 /* User.swift in Sources */ = {isa = PBXBuildFile; fileRef = 666E12D52C7076EE00E894E8 /* User.swift */; };
		667BC57B2C2ED7E70008C302 /* KakaoSDK in Frameworks */ = {isa = PBXBuildFile; productRef = 667BC57A2C2ED7E70008C302 /* KakaoSDK */; };
		667BC57D2C2ED7E70008C302 /* KakaoSDKAuth in Frameworks */ = {isa = PBXBuildFile; productRef = 667BC57C2C2ED7E70008C302 /* KakaoSDKAuth */; };
		66BE49DC2C8ECABA00DFE5B4 /* Trash.swift in Sources */ = {isa = PBXBuildFile; fileRef = 66BE49DB2C8ECABA00DFE5B4 /* Trash.swift */; };
		66D17F652CA25DB600C96540 /* GoogleService-Info.plist in Resources */ = {isa = PBXBuildFile; fileRef = 66D17F642CA25DB600C96540 /* GoogleService-Info.plist */; };
		66D272BA2CBA0C4900EC1C5F /* TestView.swift in Sources */ = {isa = PBXBuildFile; fileRef = 66D272B92CBA0C4800EC1C5F /* TestView.swift */; };
		66DCB9A22C2A8879000C7736 /* GoogleSignIn in Frameworks */ = {isa = PBXBuildFile; productRef = 66DCB9A12C2A8879000C7736 /* GoogleSignIn */; };
		66DCB9A42C2A8879000C7736 /* GoogleSignInSwift in Frameworks */ = {isa = PBXBuildFile; productRef = 66DCB9A32C2A8879000C7736 /* GoogleSignInSwift */; };
/* End PBXBuildFile section */

/* Begin PBXFileReference section */
		660FCDD02CB812A700209A4E /* OldTabBar.swift */ = {isa = PBXFileReference; lastKnownFileType = sourcecode.swift; path = OldTabBar.swift; sourceTree = "<group>"; };
		660FCE3B2CB8215100209A4E /* FirebaseOld.swift */ = {isa = PBXFileReference; lastKnownFileType = sourcecode.swift; path = FirebaseOld.swift; sourceTree = "<group>"; };
>>>>>>> Stashed changes
		66282FFE2BC35B0B0010EFAD /* Connected.app */ = {isa = PBXFileReference; explicitFileType = wrapper.application; includeInIndex = 0; path = Connected.app; sourceTree = BUILT_PRODUCTS_DIR; };
		662830012BC35B0B0010EFAD /* ConnectedApp.swift */ = {isa = PBXFileReference; lastKnownFileType = sourcecode.swift; path = ConnectedApp.swift; sourceTree = "<group>"; };
		662830052BC35B0C0010EFAD /* Assets.xcassets */ = {isa = PBXFileReference; lastKnownFileType = folder.assetcatalog; path = Assets.xcassets; sourceTree = "<group>"; };
		662830082BC35B0C0010EFAD /* Preview Assets.xcassets */ = {isa = PBXFileReference; lastKnownFileType = folder.assetcatalog; path = "Preview Assets.xcassets"; sourceTree = "<group>"; };
<<<<<<< Updated upstream
		662830112BC35E180010EFAD /* SplashScreenView.swift */ = {isa = PBXFileReference; lastKnownFileType = sourcecode.swift; path = SplashScreenView.swift; sourceTree = "<group>"; };
		662830632BC443040010EFAD /* mainMap.swift */ = {isa = PBXFileReference; lastKnownFileType = sourcecode.swift; path = mainMap.swift; sourceTree = "<group>"; };
		662830652BC444480010EFAD /* mainView.swift */ = {isa = PBXFileReference; lastKnownFileType = sourcecode.swift; path = mainView.swift; sourceTree = "<group>"; };
		663825292C786D9500E767C8 /* NotificationView.swift */ = {isa = PBXFileReference; lastKnownFileType = sourcecode.swift; path = NotificationView.swift; sourceTree = "<group>"; };
		664CC4F82C77310B0054D85B /* SettingsAndInfo.swift */ = {isa = PBXFileReference; lastKnownFileType = sourcecode.swift; path = SettingsAndInfo.swift; sourceTree = "<group>"; };
		6657581D2C6741EC003163E2 /* ProfileDetailViewModel.swift */ = {isa = PBXFileReference; lastKnownFileType = sourcecode.swift; path = ProfileDetailViewModel.swift; sourceTree = "<group>"; };
		666E12D52C7076EE00E894E8 /* UserLocation.swift */ = {isa = PBXFileReference; lastKnownFileType = sourcecode.swift; path = UserLocation.swift; sourceTree = "<group>"; };
		666E12D72C7076FB00E894E8 /* UserProfile.swift */ = {isa = PBXFileReference; lastKnownFileType = sourcecode.swift; path = UserProfile.swift; sourceTree = "<group>"; };
		6671E8572C6DEC6900A0FB14 /* CustomMarker.swift */ = {isa = PBXFileReference; lastKnownFileType = sourcecode.swift; path = CustomMarker.swift; sourceTree = "<group>"; };
		6671E8592C6F4BB900A0FB14 /* sampleUser.swift */ = {isa = PBXFileReference; lastKnownFileType = sourcecode.swift; path = sampleUser.swift; sourceTree = "<group>"; };
		66821AE92C098EB0007E39C1 /* test1.swift */ = {isa = PBXFileReference; lastKnownFileType = sourcecode.swift; path = test1.swift; sourceTree = "<group>"; };
		669215002BDF8ABD00E6A40A /* test.swift */ = {isa = PBXFileReference; lastKnownFileType = sourcecode.swift; path = test.swift; sourceTree = "<group>"; };
		66AA984E2C3BD49200FEAEDE /* ProfileDetail.swift */ = {isa = PBXFileReference; lastKnownFileType = sourcecode.swift; path = ProfileDetail.swift; sourceTree = "<group>"; };
		66B5DF582BCCB82600272115 /* signIn.swift */ = {isa = PBXFileReference; lastKnownFileType = sourcecode.swift; path = signIn.swift; sourceTree = "<group>"; };
		66B5DF5A2BCCB95900272115 /* name.swift */ = {isa = PBXFileReference; lastKnownFileType = sourcecode.swift; path = name.swift; sourceTree = "<group>"; };
		66B5DF5C2BCCBA3000272115 /* birthday.swift */ = {isa = PBXFileReference; lastKnownFileType = sourcecode.swift; path = birthday.swift; sourceTree = "<group>"; };
		66B5DF5E2BCCBA3900272115 /* gender.swift */ = {isa = PBXFileReference; lastKnownFileType = sourcecode.swift; path = gender.swift; sourceTree = "<group>"; };
		66B5DF602BCCBA5300272115 /* setImages.swift */ = {isa = PBXFileReference; lastKnownFileType = sourcecode.swift; path = setImages.swift; sourceTree = "<group>"; };
		66B5DF622BCCBA6500272115 /* aboutYourself.swift */ = {isa = PBXFileReference; lastKnownFileType = sourcecode.swift; path = aboutYourself.swift; sourceTree = "<group>"; };
		66B5DF642BCCBA7C00272115 /* interests.swift */ = {isa = PBXFileReference; lastKnownFileType = sourcecode.swift; path = interests.swift; sourceTree = "<group>"; };
		66B5DF662BCCC45600272115 /* ProfileView.swift */ = {isa = PBXFileReference; lastKnownFileType = sourcecode.swift; path = ProfileView.swift; sourceTree = "<group>"; };
		66B6664F2C61F69200357B9E /* ProfileImageSetting.swift */ = {isa = PBXFileReference; lastKnownFileType = sourcecode.swift; path = ProfileImageSetting.swift; sourceTree = "<group>"; };
		66D10B022C5A384D0051EF2B /* Config.xcconfig */ = {isa = PBXFileReference; lastKnownFileType = text.xcconfig; path = Config.xcconfig; sourceTree = "<group>"; };
		66D10B052C5B61400051EF2B /* FirestoreManager.swift */ = {isa = PBXFileReference; lastKnownFileType = sourcecode.swift; path = FirestoreManager.swift; sourceTree = "<group>"; };
		66DCB9A52C2AB443000C7736 /* GoogleService-Info.plist */ = {isa = PBXFileReference; fileEncoding = 4; lastKnownFileType = text.plist.xml; name = "GoogleService-Info.plist"; path = "../../../../Downloads/GoogleService-Info.plist"; sourceTree = "<group>"; };
		66DCB9A72C2AB49B000C7736 /* Info.plist */ = {isa = PBXFileReference; lastKnownFileType = text.plist; path = Info.plist; sourceTree = "<group>"; };
		66F5CE012C59D11800B9084F /* oauth.swift */ = {isa = PBXFileReference; lastKnownFileType = sourcecode.swift; path = oauth.swift; sourceTree = "<group>"; };
/* End PBXFileReference section */

=======
		666E12D52C7076EE00E894E8 /* User.swift */ = {isa = PBXFileReference; lastKnownFileType = sourcecode.swift; path = User.swift; sourceTree = "<group>"; };
		66BE49DB2C8ECABA00DFE5B4 /* Trash.swift */ = {isa = PBXFileReference; lastKnownFileType = sourcecode.swift; path = Trash.swift; sourceTree = "<group>"; };
		66D10B022C5A384D0051EF2B /* Config.xcconfig */ = {isa = PBXFileReference; lastKnownFileType = text.xcconfig; path = Config.xcconfig; sourceTree = "<group>"; };
		66D17F642CA25DB600C96540 /* GoogleService-Info.plist */ = {isa = PBXFileReference; lastKnownFileType = text.plist.xml; path = "GoogleService-Info.plist"; sourceTree = "<group>"; };
		66D272B92CBA0C4800EC1C5F /* TestView.swift */ = {isa = PBXFileReference; lastKnownFileType = sourcecode.swift; path = TestView.swift; sourceTree = "<group>"; };
		66DCB9A72C2AB49B000C7736 /* Info.plist */ = {isa = PBXFileReference; lastKnownFileType = text.plist; path = Info.plist; sourceTree = "<group>"; };
/* End PBXFileReference section */

/* Begin PBXFileSystemSynchronizedRootGroup section */
		66177A322CB38B3F005E5927 /* Core */ = {isa = PBXFileSystemSynchronizedRootGroup; explicitFileTypes = {}; explicitFolders = (); path = Core; sourceTree = "<group>"; };
/* End PBXFileSystemSynchronizedRootGroup section */

>>>>>>> Stashed changes
/* Begin PBXFrameworksBuildPhase section */
		66282FFB2BC35B0B0010EFAD /* Frameworks */ = {
			isa = PBXFrameworksBuildPhase;
			buildActionMask = 2147483647;
			files = (
				66DCB9A42C2A8879000C7736 /* GoogleSignInSwift in Frameworks */,
				667BC57B2C2ED7E70008C302 /* KakaoSDK in Frameworks */,
				662F28D92C62124400106ADE /* TOCropViewController in Frameworks */,
				663AFE542CB2DC670000BB02 /* Kingfisher in Frameworks */,
				662F28D72C62124400106ADE /* CropViewController in Frameworks */,
				6611D3C42C2ABB4600650D01 /* FirebaseAuth in Frameworks */,
				66032B222C0DBA8A00517F96 /* IQKeyboardManagerSwift in Frameworks */,
				66DCB9A22C2A8879000C7736 /* GoogleSignIn in Frameworks */,
				662B85AD2C02F19B008F14E6 /* FirebaseAnalyticsSwift in Frameworks */,
				662B85A92C02F19B008F14E6 /* FirebaseAnalytics in Frameworks */,
				662B85AB2C02F19B008F14E6 /* FirebaseAnalyticsOnDeviceConversion in Frameworks */,
				66588E252C37D47100D70BCB /* FirebaseStorage in Frameworks */,
				662B85AF2C02F19B008F14E6 /* FirebaseAnalyticsWithoutAdIdSupport in Frameworks */,
				6609BFD62C0D8E5200CC8C4E /* FirebaseFirestore in Frameworks */,
				667BC57D2C2ED7E70008C302 /* KakaoSDKAuth in Frameworks */,
			);
			runOnlyForDeploymentPostprocessing = 0;
		};
/* End PBXFrameworksBuildPhase section */

/* Begin PBXGroup section */
		6609BFD32C0CBCA700CC8C4E /* Model */ = {
			isa = PBXGroup;
			children = (
<<<<<<< Updated upstream
				66F5CE012C59D11800B9084F /* oauth.swift */,
				6671E8592C6F4BB900A0FB14 /* sampleUser.swift */,
				666E12D52C7076EE00E894E8 /* UserLocation.swift */,
				666E12D72C7076FB00E894E8 /* UserProfile.swift */,
				661F71D72C7598EB00DD3921 /* sampleSimilarUsers.swift */,
=======
				666E12D52C7076EE00E894E8 /* User.swift */,
>>>>>>> Stashed changes
			);
			path = Model;
			sourceTree = "<group>";
		};
		6609BFD42C0D8E5200CC8C4E /* Frameworks */ = {
			isa = PBXGroup;
			children = (
			);
			name = Frameworks;
			sourceTree = "<group>";
		};
<<<<<<< Updated upstream
		66119A532C5A222F00DE35F4 /* ViewModel */ = {
			isa = PBXGroup;
			children = (
				66D10B052C5B61400051EF2B /* FirestoreManager.swift */,
				6657581D2C6741EC003163E2 /* ProfileDetailViewModel.swift */,
				6671E8572C6DEC6900A0FB14 /* CustomMarker.swift */,
			);
			path = ViewModel;
			sourceTree = "<group>";
		};
=======
>>>>>>> Stashed changes
		66282FF52BC35B0B0010EFAD = {
			isa = PBXGroup;
			children = (
				66D10B022C5A384D0051EF2B /* Config.xcconfig */,
				662830002BC35B0B0010EFAD /* Connected */,
				66282FFF2BC35B0B0010EFAD /* Products */,
				6609BFD42C0D8E5200CC8C4E /* Frameworks */,
			);
			sourceTree = "<group>";
		};
		66282FFF2BC35B0B0010EFAD /* Products */ = {
			isa = PBXGroup;
			children = (
				66282FFE2BC35B0B0010EFAD /* Connected.app */,
			);
			name = Products;
			sourceTree = "<group>";
		};
		662830002BC35B0B0010EFAD /* Connected */ = {
			isa = PBXGroup;
			children = (
<<<<<<< Updated upstream
				6638252D2C79AF1000E767C8 /* _Test */,
				66119A532C5A222F00DE35F4 /* ViewModel */,
				66DCB9A72C2AB49B000C7736 /* Info.plist */,
				6609BFD32C0CBCA700CC8C4E /* Model */,
				662830622BC442F00010EFAD /* View */,
=======
				66177A322CB38B3F005E5927 /* Core */,
				66D17F642CA25DB600C96540 /* GoogleService-Info.plist */,
				66DCB9A72C2AB49B000C7736 /* Info.plist */,
>>>>>>> Stashed changes
				662830012BC35B0B0010EFAD /* ConnectedApp.swift */,
				66DCB9A52C2AB443000C7736 /* GoogleService-Info.plist */,
				662830052BC35B0C0010EFAD /* Assets.xcassets */,
				662830072BC35B0C0010EFAD /* Preview Content */,
				6609BFD32C0CBCA700CC8C4E /* Model */,
			);
			path = Connected;
			sourceTree = "<group>";
		};
		662830072BC35B0C0010EFAD /* Preview Content */ = {
			isa = PBXGroup;
			children = (
				662830082BC35B0C0010EFAD /* Preview Assets.xcassets */,
			);
			path = "Preview Content";
			sourceTree = "<group>";
		};
<<<<<<< Updated upstream
		662830622BC442F00010EFAD /* View */ = {
			isa = PBXGroup;
			children = (
				662830112BC35E180010EFAD /* SplashScreenView.swift */,
				66B5DF582BCCB82600272115 /* signIn.swift */,
				66B5DF5A2BCCB95900272115 /* name.swift */,
				66B5DF5C2BCCBA3000272115 /* birthday.swift */,
				66B5DF5E2BCCBA3900272115 /* gender.swift */,
				66B5DF622BCCBA6500272115 /* aboutYourself.swift */,
				66B5DF642BCCBA7C00272115 /* interests.swift */,
				66B6664F2C61F69200357B9E /* ProfileImageSetting.swift */,
				66B5DF602BCCBA5300272115 /* setImages.swift */,
				662830652BC444480010EFAD /* mainView.swift */,
				662830632BC443040010EFAD /* mainMap.swift */,
				66119A542C5A22F400DE35F4 /* connectFriends.swift */,
				66B5DF662BCCC45600272115 /* ProfileView.swift */,
				66AA984E2C3BD49200FEAEDE /* ProfileDetail.swift */,
				664CC4F82C77310B0054D85B /* SettingsAndInfo.swift */,
				663825292C786D9500E767C8 /* NotificationView.swift */,
			);
			path = View;
			sourceTree = "<group>";
		};
		6638252D2C79AF1000E767C8 /* _Test */ = {
			isa = PBXGroup;
			children = (
				669215002BDF8ABD00E6A40A /* test.swift */,
				66821AE92C098EB0007E39C1 /* test1.swift */,
=======
		6638252D2C79AF1000E767C8 /* _Test */ = {
			isa = PBXGroup;
			children = (
				66BE49DB2C8ECABA00DFE5B4 /* Trash.swift */,
				660FCDD02CB812A700209A4E /* OldTabBar.swift */,
				660FCE3B2CB8215100209A4E /* FirebaseOld.swift */,
				66D272B92CBA0C4800EC1C5F /* TestView.swift */,
>>>>>>> Stashed changes
			);
			path = _Test;
			sourceTree = "<group>";
		};
/* End PBXGroup section */

/* Begin PBXNativeTarget section */
		66282FFD2BC35B0B0010EFAD /* Connected */ = {
			isa = PBXNativeTarget;
			buildConfigurationList = 6628300C2BC35B0C0010EFAD /* Build configuration list for PBXNativeTarget "Connected" */;
			buildPhases = (
				66282FFA2BC35B0B0010EFAD /* Sources */,
				66282FFB2BC35B0B0010EFAD /* Frameworks */,
				66282FFC2BC35B0B0010EFAD /* Resources */,
			);
			buildRules = (
			);
			dependencies = (
			);
<<<<<<< Updated upstream
=======
			fileSystemSynchronizedGroups = (
				66177A322CB38B3F005E5927 /* Core */,
			);
>>>>>>> Stashed changes
			name = Connected;
			packageProductDependencies = (
				662B85A82C02F19B008F14E6 /* FirebaseAnalytics */,
				662B85AA2C02F19B008F14E6 /* FirebaseAnalyticsOnDeviceConversion */,
				662B85AC2C02F19B008F14E6 /* FirebaseAnalyticsSwift */,
				662B85AE2C02F19B008F14E6 /* FirebaseAnalyticsWithoutAdIdSupport */,
				6609BFD52C0D8E5200CC8C4E /* FirebaseFirestore */,
				66032B212C0DBA8A00517F96 /* IQKeyboardManagerSwift */,
				66DCB9A12C2A8879000C7736 /* GoogleSignIn */,
				66DCB9A32C2A8879000C7736 /* GoogleSignInSwift */,
				6611D3C32C2ABB4600650D01 /* FirebaseAuth */,
				667BC57A2C2ED7E70008C302 /* KakaoSDK */,
				667BC57C2C2ED7E70008C302 /* KakaoSDKAuth */,
				66588E242C37D47100D70BCB /* FirebaseStorage */,
				662F28D62C62124400106ADE /* CropViewController */,
				662F28D82C62124400106ADE /* TOCropViewController */,
<<<<<<< Updated upstream
=======
				660A671C2CA0EE190015BA1A /* SDWebImageSwiftUI */,
				663AFE532CB2DC670000BB02 /* Kingfisher */,
>>>>>>> Stashed changes
			);
			productName = Connected;
			productReference = 66282FFE2BC35B0B0010EFAD /* Connected.app */;
			productType = "com.apple.product-type.application";
		};
/* End PBXNativeTarget section */

/* Begin PBXProject section */
		66282FF62BC35B0B0010EFAD /* Project object */ = {
			isa = PBXProject;
			attributes = {
				BuildIndependentTargetsInParallel = 1;
				LastSwiftUpdateCheck = 1530;
				LastUpgradeCheck = 1540;
				TargetAttributes = {
					66282FFD2BC35B0B0010EFAD = {
						CreatedOnToolsVersion = 15.3;
					};
				};
			};
			buildConfigurationList = 66282FF92BC35B0B0010EFAD /* Build configuration list for PBXProject "Connected" */;
			compatibilityVersion = "Xcode 14.0";
			developmentRegion = en;
			hasScannedForEncodings = 0;
			knownRegions = (
				en,
				Base,
				ko,
			);
			mainGroup = 66282FF52BC35B0B0010EFAD;
			packageReferences = (
				662B85A72C02F19B008F14E6 /* XCRemoteSwiftPackageReference "firebase-ios-sdk" */,
				66032B202C0DBA8A00517F96 /* XCRemoteSwiftPackageReference "IQKeyboardManager" */,
				66DCB9A02C2A8879000C7736 /* XCRemoteSwiftPackageReference "GoogleSignIn-iOS" */,
				667BC5792C2ED7E70008C302 /* XCRemoteSwiftPackageReference "kakao-ios-sdk" */,
				662F28D52C62124400106ADE /* XCRemoteSwiftPackageReference "TOCropViewController" */,
<<<<<<< Updated upstream
=======
				660A671B2CA0EE190015BA1A /* XCRemoteSwiftPackageReference "SDWebImageSwiftUI" */,
				663AFE522CB2DC670000BB02 /* XCRemoteSwiftPackageReference "Kingfisher" */,
>>>>>>> Stashed changes
			);
			productRefGroup = 66282FFF2BC35B0B0010EFAD /* Products */;
			projectDirPath = "";
			projectRoot = "";
			targets = (
				66282FFD2BC35B0B0010EFAD /* Connected */,
			);
		};
/* End PBXProject section */

/* Begin PBXResourcesBuildPhase section */
		66282FFC2BC35B0B0010EFAD /* Resources */ = {
			isa = PBXResourcesBuildPhase;
			buildActionMask = 2147483647;
			files = (
				662830092BC35B0C0010EFAD /* Preview Assets.xcassets in Resources */,
				66DCB9A62C2AB443000C7736 /* GoogleService-Info.plist in Resources */,
				662830062BC35B0C0010EFAD /* Assets.xcassets in Resources */,
			);
			runOnlyForDeploymentPostprocessing = 0;
		};
/* End PBXResourcesBuildPhase section */

/* Begin PBXSourcesBuildPhase section */
		66282FFA2BC35B0B0010EFAD /* Sources */ = {
			isa = PBXSourcesBuildPhase;
			buildActionMask = 2147483647;
			files = (
				662830022BC35B0B0010EFAD /* ConnectedApp.swift in Sources */,
<<<<<<< Updated upstream
				66821AEA2C098EB0007E39C1 /* test1.swift in Sources */,
				66AA984F2C3BD49200FEAEDE /* ProfileDetail.swift in Sources */,
				66B5DF672BCCC45600272115 /* ProfileView.swift in Sources */,
				661F71D82C7598EB00DD3921 /* sampleSimilarUsers.swift in Sources */,
				66B5DF5F2BCCBA3900272115 /* gender.swift in Sources */,
				669215012BDF8ABD00E6A40A /* test.swift in Sources */,
				66119A552C5A22F400DE35F4 /* connectFriends.swift in Sources */,
				66B5DF652BCCBA7C00272115 /* interests.swift in Sources */,
				6671E85A2C6F4BB900A0FB14 /* sampleUser.swift in Sources */,
				6638252A2C786D9500E767C8 /* NotificationView.swift in Sources */,
				66F5CE022C59D11800B9084F /* oauth.swift in Sources */,
				666E12D62C7076EE00E894E8 /* UserLocation.swift in Sources */,
				662830642BC443040010EFAD /* mainMap.swift in Sources */,
				66B5DF592BCCB82600272115 /* signIn.swift in Sources */,
				6657581E2C6741EC003163E2 /* ProfileDetailViewModel.swift in Sources */,
				66D10B062C5B61400051EF2B /* FirestoreManager.swift in Sources */,
				6671E8582C6DEC6900A0FB14 /* CustomMarker.swift in Sources */,
				66B5DF5B2BCCB95900272115 /* name.swift in Sources */,
				664CC4F92C77310B0054D85B /* SettingsAndInfo.swift in Sources */,
				66B666502C61F69200357B9E /* ProfileImageSetting.swift in Sources */,
				66B5DF5D2BCCBA3000272115 /* birthday.swift in Sources */,
				66B5DF632BCCBA6500272115 /* aboutYourself.swift in Sources */,
				666E12D82C7076FB00E894E8 /* UserProfile.swift in Sources */,
				662830662BC444480010EFAD /* mainView.swift in Sources */,
				66B5DF612BCCBA5300272115 /* setImages.swift in Sources */,
				662830122BC35E180010EFAD /* SplashScreenView.swift in Sources */,
=======
				660FCE3C2CB8215100209A4E /* FirebaseOld.swift in Sources */,
				660FCDD12CB812A700209A4E /* OldTabBar.swift in Sources */,
				666E12D62C7076EE00E894E8 /* User.swift in Sources */,
				66BE49DC2C8ECABA00DFE5B4 /* Trash.swift in Sources */,
				66D272BA2CBA0C4900EC1C5F /* TestView.swift in Sources */,
>>>>>>> Stashed changes
			);
			runOnlyForDeploymentPostprocessing = 0;
		};
/* End PBXSourcesBuildPhase section */

/* Begin XCBuildConfiguration section */
		6628300A2BC35B0C0010EFAD /* Debug */ = {
			isa = XCBuildConfiguration;
			baseConfigurationReference = 66D10B022C5A384D0051EF2B /* Config.xcconfig */;
			buildSettings = {
				ALWAYS_SEARCH_USER_PATHS = NO;
				ASSETCATALOG_COMPILER_GENERATE_SWIFT_ASSET_SYMBOL_EXTENSIONS = YES;
				CLANG_ANALYZER_LOCALIZABILITY_NONLOCALIZED = YES;
				CLANG_ANALYZER_NONNULL = YES;
				CLANG_ANALYZER_NUMBER_OBJECT_CONVERSION = YES_AGGRESSIVE;
				CLANG_CXX_LANGUAGE_STANDARD = "gnu++20";
				CLANG_ENABLE_MODULES = YES;
				CLANG_ENABLE_OBJC_ARC = YES;
				CLANG_ENABLE_OBJC_WEAK = YES;
				CLANG_WARN_BLOCK_CAPTURE_AUTORELEASING = YES;
				CLANG_WARN_BOOL_CONVERSION = YES;
				CLANG_WARN_COMMA = YES;
				CLANG_WARN_CONSTANT_CONVERSION = YES;
				CLANG_WARN_DEPRECATED_OBJC_IMPLEMENTATIONS = YES;
				CLANG_WARN_DIRECT_OBJC_ISA_USAGE = YES_ERROR;
				CLANG_WARN_DOCUMENTATION_COMMENTS = YES;
				CLANG_WARN_EMPTY_BODY = YES;
				CLANG_WARN_ENUM_CONVERSION = YES;
				CLANG_WARN_INFINITE_RECURSION = YES;
				CLANG_WARN_INT_CONVERSION = YES;
				CLANG_WARN_NON_LITERAL_NULL_CONVERSION = YES;
				CLANG_WARN_OBJC_IMPLICIT_RETAIN_SELF = YES;
				CLANG_WARN_OBJC_LITERAL_CONVERSION = YES;
				CLANG_WARN_OBJC_ROOT_CLASS = YES_ERROR;
				CLANG_WARN_QUOTED_INCLUDE_IN_FRAMEWORK_HEADER = YES;
				CLANG_WARN_RANGE_LOOP_ANALYSIS = YES;
				CLANG_WARN_STRICT_PROTOTYPES = YES;
				CLANG_WARN_SUSPICIOUS_MOVE = YES;
				CLANG_WARN_UNGUARDED_AVAILABILITY = YES_AGGRESSIVE;
				CLANG_WARN_UNREACHABLE_CODE = YES;
				CLANG_WARN__DUPLICATE_METHOD_MATCH = YES;
				COPY_PHASE_STRIP = NO;
				DEBUG_INFORMATION_FORMAT = dwarf;
				ENABLE_STRICT_OBJC_MSGSEND = YES;
				ENABLE_TESTABILITY = YES;
				ENABLE_USER_SCRIPT_SANDBOXING = YES;
				GCC_C_LANGUAGE_STANDARD = gnu17;
				GCC_DYNAMIC_NO_PIC = NO;
				GCC_NO_COMMON_BLOCKS = YES;
				GCC_OPTIMIZATION_LEVEL = 0;
				GCC_PREPROCESSOR_DEFINITIONS = (
					"DEBUG=1",
					"$(inherited)",
				);
				GCC_WARN_64_TO_32_BIT_CONVERSION = YES;
				GCC_WARN_ABOUT_RETURN_TYPE = YES_ERROR;
				GCC_WARN_UNDECLARED_SELECTOR = YES;
				GCC_WARN_UNINITIALIZED_AUTOS = YES_AGGRESSIVE;
				GCC_WARN_UNUSED_FUNCTION = YES;
				GCC_WARN_UNUSED_VARIABLE = YES;
				IPHONEOS_DEPLOYMENT_TARGET = 17.0;
				LOCALIZATION_PREFERS_STRING_CATALOGS = YES;
				MTL_ENABLE_DEBUG_INFO = INCLUDE_SOURCE;
				MTL_FAST_MATH = YES;
				ONLY_ACTIVE_ARCH = YES;
				SDKROOT = iphoneos;
				SWIFT_ACTIVE_COMPILATION_CONDITIONS = "DEBUG $(inherited)";
				SWIFT_OPTIMIZATION_LEVEL = "-Onone";
			};
			name = Debug;
		};
		6628300B2BC35B0C0010EFAD /* Release */ = {
			isa = XCBuildConfiguration;
			baseConfigurationReference = 66D10B022C5A384D0051EF2B /* Config.xcconfig */;
			buildSettings = {
				ALWAYS_SEARCH_USER_PATHS = NO;
				ASSETCATALOG_COMPILER_GENERATE_SWIFT_ASSET_SYMBOL_EXTENSIONS = YES;
				CLANG_ANALYZER_LOCALIZABILITY_NONLOCALIZED = YES;
				CLANG_ANALYZER_NONNULL = YES;
				CLANG_ANALYZER_NUMBER_OBJECT_CONVERSION = YES_AGGRESSIVE;
				CLANG_CXX_LANGUAGE_STANDARD = "gnu++20";
				CLANG_ENABLE_MODULES = YES;
				CLANG_ENABLE_OBJC_ARC = YES;
				CLANG_ENABLE_OBJC_WEAK = YES;
				CLANG_WARN_BLOCK_CAPTURE_AUTORELEASING = YES;
				CLANG_WARN_BOOL_CONVERSION = YES;
				CLANG_WARN_COMMA = YES;
				CLANG_WARN_CONSTANT_CONVERSION = YES;
				CLANG_WARN_DEPRECATED_OBJC_IMPLEMENTATIONS = YES;
				CLANG_WARN_DIRECT_OBJC_ISA_USAGE = YES_ERROR;
				CLANG_WARN_DOCUMENTATION_COMMENTS = YES;
				CLANG_WARN_EMPTY_BODY = YES;
				CLANG_WARN_ENUM_CONVERSION = YES;
				CLANG_WARN_INFINITE_RECURSION = YES;
				CLANG_WARN_INT_CONVERSION = YES;
				CLANG_WARN_NON_LITERAL_NULL_CONVERSION = YES;
				CLANG_WARN_OBJC_IMPLICIT_RETAIN_SELF = YES;
				CLANG_WARN_OBJC_LITERAL_CONVERSION = YES;
				CLANG_WARN_OBJC_ROOT_CLASS = YES_ERROR;
				CLANG_WARN_QUOTED_INCLUDE_IN_FRAMEWORK_HEADER = YES;
				CLANG_WARN_RANGE_LOOP_ANALYSIS = YES;
				CLANG_WARN_STRICT_PROTOTYPES = YES;
				CLANG_WARN_SUSPICIOUS_MOVE = YES;
				CLANG_WARN_UNGUARDED_AVAILABILITY = YES_AGGRESSIVE;
				CLANG_WARN_UNREACHABLE_CODE = YES;
				CLANG_WARN__DUPLICATE_METHOD_MATCH = YES;
				COPY_PHASE_STRIP = NO;
				DEBUG_INFORMATION_FORMAT = "dwarf-with-dsym";
				ENABLE_NS_ASSERTIONS = NO;
				ENABLE_STRICT_OBJC_MSGSEND = YES;
				ENABLE_USER_SCRIPT_SANDBOXING = YES;
				GCC_C_LANGUAGE_STANDARD = gnu17;
				GCC_NO_COMMON_BLOCKS = YES;
				GCC_WARN_64_TO_32_BIT_CONVERSION = YES;
				GCC_WARN_ABOUT_RETURN_TYPE = YES_ERROR;
				GCC_WARN_UNDECLARED_SELECTOR = YES;
				GCC_WARN_UNINITIALIZED_AUTOS = YES_AGGRESSIVE;
				GCC_WARN_UNUSED_FUNCTION = YES;
				GCC_WARN_UNUSED_VARIABLE = YES;
				IPHONEOS_DEPLOYMENT_TARGET = 17.0;
				LOCALIZATION_PREFERS_STRING_CATALOGS = YES;
				MTL_ENABLE_DEBUG_INFO = NO;
				MTL_FAST_MATH = YES;
				SDKROOT = iphoneos;
				SWIFT_COMPILATION_MODE = wholemodule;
				VALIDATE_PRODUCT = YES;
			};
			name = Release;
		};
		6628300D2BC35B0C0010EFAD /* Debug */ = {
			isa = XCBuildConfiguration;
			baseConfigurationReference = 66D10B022C5A384D0051EF2B /* Config.xcconfig */;
			buildSettings = {
				ASSETCATALOG_COMPILER_APPICON_NAME = AppIcon;
				ASSETCATALOG_COMPILER_GLOBAL_ACCENT_COLOR_NAME = AccentColor;
				CODE_SIGN_STYLE = Automatic;
				CURRENT_PROJECT_VERSION = 1;
				DEVELOPMENT_ASSET_PATHS = "\"Connected/Preview Content\"";
				DEVELOPMENT_TEAM = U54KVZDT39;
				ENABLE_PREVIEWS = YES;
				GENERATE_INFOPLIST_FILE = YES;
				INFOPLIST_FILE = Connected/Info.plist;
				INFOPLIST_KEY_CFBundleDisplayName = Connected;
				INFOPLIST_KEY_NSLocationWhenInUseUsageDescription = "Show the user location";
				INFOPLIST_KEY_UIApplicationSceneManifest_Generation = YES;
				INFOPLIST_KEY_UIApplicationSupportsIndirectInputEvents = YES;
				INFOPLIST_KEY_UILaunchScreen_Generation = YES;
				INFOPLIST_KEY_UISupportedInterfaceOrientations_iPad = "UIInterfaceOrientationPortrait UIInterfaceOrientationPortraitUpsideDown UIInterfaceOrientationLandscapeLeft UIInterfaceOrientationLandscapeRight";
				INFOPLIST_KEY_UISupportedInterfaceOrientations_iPhone = "UIInterfaceOrientationPortrait UIInterfaceOrientationLandscapeLeft UIInterfaceOrientationLandscapeRight";
				INFOPLIST_KEY_UIUserInterfaceStyle = Light;
				LD_RUNPATH_SEARCH_PATHS = (
					"$(inherited)",
					"@executable_path/Frameworks",
				);
				MARKETING_VERSION = 1.0;
				PRODUCT_BUNDLE_IDENTIFIER = com.eightroutes.connected;
				PRODUCT_NAME = "$(TARGET_NAME)";
				SWIFT_EMIT_LOC_STRINGS = YES;
				SWIFT_VERSION = 5.0;
				TARGETED_DEVICE_FAMILY = "1,2";
			};
			name = Debug;
		};
		6628300E2BC35B0C0010EFAD /* Release */ = {
			isa = XCBuildConfiguration;
			baseConfigurationReference = 66D10B022C5A384D0051EF2B /* Config.xcconfig */;
			buildSettings = {
				ASSETCATALOG_COMPILER_APPICON_NAME = AppIcon;
				ASSETCATALOG_COMPILER_GLOBAL_ACCENT_COLOR_NAME = AccentColor;
				CODE_SIGN_STYLE = Automatic;
				CURRENT_PROJECT_VERSION = 1;
				DEVELOPMENT_ASSET_PATHS = "\"Connected/Preview Content\"";
				DEVELOPMENT_TEAM = U54KVZDT39;
				ENABLE_PREVIEWS = YES;
				GENERATE_INFOPLIST_FILE = YES;
				INFOPLIST_FILE = Connected/Info.plist;
				INFOPLIST_KEY_CFBundleDisplayName = Connected;
				INFOPLIST_KEY_NSLocationWhenInUseUsageDescription = "Show the user location";
				INFOPLIST_KEY_UIApplicationSceneManifest_Generation = YES;
				INFOPLIST_KEY_UIApplicationSupportsIndirectInputEvents = YES;
				INFOPLIST_KEY_UILaunchScreen_Generation = YES;
				INFOPLIST_KEY_UISupportedInterfaceOrientations_iPad = "UIInterfaceOrientationPortrait UIInterfaceOrientationPortraitUpsideDown UIInterfaceOrientationLandscapeLeft UIInterfaceOrientationLandscapeRight";
				INFOPLIST_KEY_UISupportedInterfaceOrientations_iPhone = "UIInterfaceOrientationPortrait UIInterfaceOrientationLandscapeLeft UIInterfaceOrientationLandscapeRight";
				INFOPLIST_KEY_UIUserInterfaceStyle = Light;
				LD_RUNPATH_SEARCH_PATHS = (
					"$(inherited)",
					"@executable_path/Frameworks",
				);
				MARKETING_VERSION = 1.0;
				PRODUCT_BUNDLE_IDENTIFIER = com.eightroutes.connected;
				PRODUCT_NAME = "$(TARGET_NAME)";
				SWIFT_EMIT_LOC_STRINGS = YES;
				SWIFT_VERSION = 5.0;
				TARGETED_DEVICE_FAMILY = "1,2";
			};
			name = Release;
		};
/* End XCBuildConfiguration section */

/* Begin XCConfigurationList section */
		66282FF92BC35B0B0010EFAD /* Build configuration list for PBXProject "Connected" */ = {
			isa = XCConfigurationList;
			buildConfigurations = (
				6628300A2BC35B0C0010EFAD /* Debug */,
				6628300B2BC35B0C0010EFAD /* Release */,
			);
			defaultConfigurationIsVisible = 0;
			defaultConfigurationName = Release;
		};
		6628300C2BC35B0C0010EFAD /* Build configuration list for PBXNativeTarget "Connected" */ = {
			isa = XCConfigurationList;
			buildConfigurations = (
				6628300D2BC35B0C0010EFAD /* Debug */,
				6628300E2BC35B0C0010EFAD /* Release */,
			);
			defaultConfigurationIsVisible = 0;
			defaultConfigurationName = Release;
		};
/* End XCConfigurationList section */

/* Begin XCRemoteSwiftPackageReference section */
		66032B202C0DBA8A00517F96 /* XCRemoteSwiftPackageReference "IQKeyboardManager" */ = {
			isa = XCRemoteSwiftPackageReference;
			repositoryURL = "https://github.com/hackiftekhar/IQKeyboardManager";
			requirement = {
				kind = upToNextMajorVersion;
				minimumVersion = 7.0.3;
			};
		};
		662B85A72C02F19B008F14E6 /* XCRemoteSwiftPackageReference "firebase-ios-sdk" */ = {
			isa = XCRemoteSwiftPackageReference;
			repositoryURL = "https://github.com/firebase/firebase-ios-sdk";
			requirement = {
				kind = upToNextMajorVersion;
				minimumVersion = 10.26.0;
			};
		};
		662F28D52C62124400106ADE /* XCRemoteSwiftPackageReference "TOCropViewController" */ = {
			isa = XCRemoteSwiftPackageReference;
			repositoryURL = "https://github.com/TimOliver/TOCropViewController";
			requirement = {
				kind = upToNextMajorVersion;
				minimumVersion = 2.7.4;
			};
		};
		663AFE522CB2DC670000BB02 /* XCRemoteSwiftPackageReference "Kingfisher" */ = {
			isa = XCRemoteSwiftPackageReference;
			repositoryURL = "https://github.com/onevcat/Kingfisher.git";
			requirement = {
				kind = upToNextMajorVersion;
				minimumVersion = 8.0.3;
			};
		};
		667BC5792C2ED7E70008C302 /* XCRemoteSwiftPackageReference "kakao-ios-sdk" */ = {
			isa = XCRemoteSwiftPackageReference;
			repositoryURL = "https://github.com/kakao/kakao-ios-sdk";
			requirement = {
				kind = upToNextMajorVersion;
				minimumVersion = 2.22.3;
			};
		};
		66DCB9A02C2A8879000C7736 /* XCRemoteSwiftPackageReference "GoogleSignIn-iOS" */ = {
			isa = XCRemoteSwiftPackageReference;
			repositoryURL = "https://github.com/google/GoogleSignIn-iOS";
			requirement = {
				kind = upToNextMajorVersion;
				minimumVersion = 7.1.0;
			};
		};
/* End XCRemoteSwiftPackageReference section */

/* Begin XCSwiftPackageProductDependency section */
		66032B212C0DBA8A00517F96 /* IQKeyboardManagerSwift */ = {
			isa = XCSwiftPackageProductDependency;
			package = 66032B202C0DBA8A00517F96 /* XCRemoteSwiftPackageReference "IQKeyboardManager" */;
			productName = IQKeyboardManagerSwift;
		};
		6609BFD52C0D8E5200CC8C4E /* FirebaseFirestore */ = {
			isa = XCSwiftPackageProductDependency;
			package = 662B85A72C02F19B008F14E6 /* XCRemoteSwiftPackageReference "firebase-ios-sdk" */;
			productName = FirebaseFirestore;
		};
		6611D3C32C2ABB4600650D01 /* FirebaseAuth */ = {
			isa = XCSwiftPackageProductDependency;
			package = 662B85A72C02F19B008F14E6 /* XCRemoteSwiftPackageReference "firebase-ios-sdk" */;
			productName = FirebaseAuth;
		};
		662B85A82C02F19B008F14E6 /* FirebaseAnalytics */ = {
			isa = XCSwiftPackageProductDependency;
			package = 662B85A72C02F19B008F14E6 /* XCRemoteSwiftPackageReference "firebase-ios-sdk" */;
			productName = FirebaseAnalytics;
		};
		662B85AA2C02F19B008F14E6 /* FirebaseAnalyticsOnDeviceConversion */ = {
			isa = XCSwiftPackageProductDependency;
			package = 662B85A72C02F19B008F14E6 /* XCRemoteSwiftPackageReference "firebase-ios-sdk" */;
			productName = FirebaseAnalyticsOnDeviceConversion;
		};
		662B85AC2C02F19B008F14E6 /* FirebaseAnalyticsSwift */ = {
			isa = XCSwiftPackageProductDependency;
			package = 662B85A72C02F19B008F14E6 /* XCRemoteSwiftPackageReference "firebase-ios-sdk" */;
			productName = FirebaseAnalyticsSwift;
		};
		662B85AE2C02F19B008F14E6 /* FirebaseAnalyticsWithoutAdIdSupport */ = {
			isa = XCSwiftPackageProductDependency;
			package = 662B85A72C02F19B008F14E6 /* XCRemoteSwiftPackageReference "firebase-ios-sdk" */;
			productName = FirebaseAnalyticsWithoutAdIdSupport;
		};
		662F28D62C62124400106ADE /* CropViewController */ = {
			isa = XCSwiftPackageProductDependency;
			package = 662F28D52C62124400106ADE /* XCRemoteSwiftPackageReference "TOCropViewController" */;
			productName = CropViewController;
		};
		662F28D82C62124400106ADE /* TOCropViewController */ = {
			isa = XCSwiftPackageProductDependency;
			package = 662F28D52C62124400106ADE /* XCRemoteSwiftPackageReference "TOCropViewController" */;
			productName = TOCropViewController;
		};
		663AFE532CB2DC670000BB02 /* Kingfisher */ = {
			isa = XCSwiftPackageProductDependency;
			package = 663AFE522CB2DC670000BB02 /* XCRemoteSwiftPackageReference "Kingfisher" */;
			productName = Kingfisher;
		};
		66588E242C37D47100D70BCB /* FirebaseStorage */ = {
			isa = XCSwiftPackageProductDependency;
			package = 662B85A72C02F19B008F14E6 /* XCRemoteSwiftPackageReference "firebase-ios-sdk" */;
			productName = FirebaseStorage;
		};
		667BC57A2C2ED7E70008C302 /* KakaoSDK */ = {
			isa = XCSwiftPackageProductDependency;
			package = 667BC5792C2ED7E70008C302 /* XCRemoteSwiftPackageReference "kakao-ios-sdk" */;
			productName = KakaoSDK;
		};
		667BC57C2C2ED7E70008C302 /* KakaoSDKAuth */ = {
			isa = XCSwiftPackageProductDependency;
			package = 667BC5792C2ED7E70008C302 /* XCRemoteSwiftPackageReference "kakao-ios-sdk" */;
			productName = KakaoSDKAuth;
		};
		66DCB9A12C2A8879000C7736 /* GoogleSignIn */ = {
			isa = XCSwiftPackageProductDependency;
			package = 66DCB9A02C2A8879000C7736 /* XCRemoteSwiftPackageReference "GoogleSignIn-iOS" */;
			productName = GoogleSignIn;
		};
		66DCB9A32C2A8879000C7736 /* GoogleSignInSwift */ = {
			isa = XCSwiftPackageProductDependency;
			package = 66DCB9A02C2A8879000C7736 /* XCRemoteSwiftPackageReference "GoogleSignIn-iOS" */;
			productName = GoogleSignInSwift;
		};
/* End XCSwiftPackageProductDependency section */
	};
	rootObject = 66282FF62BC35B0B0010EFAD /* Project object */;
}
